
Microsoft Visual Studio Solution File, Format Version 12.00
# Visual Studio Version 16
VisualStudioVersion = 16.0.31729.503
MinimumVisualStudioVersion = 10.0.40219.1
Project("{FAE04EC0-301F-11D3-BF4B-00C04F79EFBC}") = "MVVMTemplate", "MVVMTemplate\MVVMTemplate.csproj", "{B0A7C805-582D-472B-9F9B-4CE2A33797F9}"
EndProject
Project("{FAE04EC0-301F-11D3-BF4B-00C04F79EFBC}") = "Logic", "Logic\Logic.csproj", "{DF2A2BDC-3D2B-43F6-83D9-0F3800CEF4AD}"
EndProject
Global
	GlobalSection(SolutionConfigurationPlatforms) = preSolution
		Debug|Any CPU = Debug|Any CPU
		Release|Any CPU = Release|Any CPU
	EndGlobalSection
	GlobalSection(ProjectConfigurationPlatforms) = postSolution
		{B0A7C805-582D-472B-9F9B-4CE2A33797F9}.Debug|Any CPU.ActiveCfg = Debug|Any CPU
		{B0A7C805-582D-472B-9F9B-4CE2A33797F9}.Debug|Any CPU.Build.0 = Debug|Any CPU
		{B0A7C805-582D-472B-9F9B-4CE2A33797F9}.Release|Any CPU.ActiveCfg = Release|Any CPU
		{B0A7C805-582D-472B-9F9B-4CE2A33797F9}.Release|Any CPU.Build.0 = Release|Any CPU
		{DF2A2BDC-3D2B-43F6-83D9-0F3800CEF4AD}.Debug|Any CPU.ActiveCfg = Debug|Any CPU
		{DF2A2BDC-3D2B-43F6-83D9-0F3800CEF4AD}.Debug|Any CPU.Build.0 = Debug|Any CPU
		{DF2A2BDC-3D2B-43F6-83D9-0F3800CEF4AD}.Release|Any CPU.ActiveCfg = Release|Any CPU
		{DF2A2BDC-3D2B-43F6-83D9-0F3800CEF4AD}.Release|Any CPU.Build.0 = Release|Any CPU
	EndGlobalSection
	GlobalSection(SolutionProperties) = preSolution
		HideSolutionNode = FALSE
	EndGlobalSection
	GlobalSection(ExtensibilityGlobals) = postSolution
		SolutionGuid = {0BB9A3C6-CDD2-4DD3-AE34-BE9497E1DC3E}
	EndGlobalSection
EndGlobal
